// !$*UTF8*$!
{
	archiveVersion = 1;
	classes = {
	};
	objectVersion = 56;
	objects = {

/* Begin PBXBuildFile section */
		873600F52CE3F15D0030825A /* AppDelegate.swift in Sources */ = {isa = PBXBuildFile; fileRef = 873600F42CE3F15D0030825A /* AppDelegate.swift */; };
		873600F72CE3F15D0030825A /* SceneDelegate.swift in Sources */ = {isa = PBXBuildFile; fileRef = 873600F62CE3F15D0030825A /* SceneDelegate.swift */; };
		873600F92CE3F15D0030825A /* ViewController.swift in Sources */ = {isa = PBXBuildFile; fileRef = 873600F82CE3F15D0030825A /* ViewController.swift */; };
		873600FC2CE3F15D0030825A /* Main.storyboard in Resources */ = {isa = PBXBuildFile; fileRef = 873600FA2CE3F15D0030825A /* Main.storyboard */; };
		873600FF2CE3F15D0030825A /* PokemonGo.xcdatamodeld in Sources */ = {isa = PBXBuildFile; fileRef = 873600FD2CE3F15D0030825A /* PokemonGo.xcdatamodeld */; };
		873601012CE3F15F0030825A /* Assets.xcassets in Resources */ = {isa = PBXBuildFile; fileRef = 873601002CE3F15F0030825A /* Assets.xcassets */; };
		873601042CE3F15F0030825A /* LaunchScreen.storyboard in Resources */ = {isa = PBXBuildFile; fileRef = 873601022CE3F15F0030825A /* LaunchScreen.storyboard */; };
		8744F4882CE5467300D4D172 /* MapKit.framework in Frameworks */ = {isa = PBXBuildFile; fileRef = 8744F4872CE5467300D4D172 /* MapKit.framework */; };
		8744F48A2CE55FAE00D4D172 /* PokedexViewController.swift in Sources */ = {isa = PBXBuildFile; fileRef = 8744F4892CE55FAE00D4D172 /* PokedexViewController.swift */; };
		8744F48C2CE5610600D4D172 /* Funciones.swift in Sources */ = {isa = PBXBuildFile; fileRef = 8744F48B2CE5610600D4D172 /* Funciones.swift */; };
		87D841B82CE67ACA00110F7D /* PokePin.swift in Sources */ = {isa = PBXBuildFile; fileRef = 87D841B72CE67ACA00110F7D /* PokePin.swift */; };
/* End PBXBuildFile section */

/* Begin PBXFileReference section */
		873600F12CE3F15D0030825A /* PokemonGo.app */ = {isa = PBXFileReference; explicitFileType = wrapper.application; includeInIndex = 0; path = PokemonGo.app; sourceTree = BUILT_PRODUCTS_DIR; };
		873600F42CE3F15D0030825A /* AppDelegate.swift */ = {isa = PBXFileReference; lastKnownFileType = sourcecode.swift; path = AppDelegate.swift; sourceTree = "<group>"; };
		873600F62CE3F15D0030825A /* SceneDelegate.swift */ = {isa = PBXFileReference; lastKnownFileType = sourcecode.swift; path = SceneDelegate.swift; sourceTree = "<group>"; };
		873600F82CE3F15D0030825A /* ViewController.swift */ = {isa = PBXFileReference; lastKnownFileType = sourcecode.swift; path = ViewController.swift; sourceTree = "<group>"; };
		873600FB2CE3F15D0030825A /* Base */ = {isa = PBXFileReference; lastKnownFileType = file.storyboard; name = Base; path = Base.lproj/Main.storyboard; sourceTree = "<group>"; };
		873600FE2CE3F15D0030825A /* PokemonGo.xcdatamodel */ = {isa = PBXFileReference; lastKnownFileType = wrapper.xcdatamodel; path = PokemonGo.xcdatamodel; sourceTree = "<group>"; };
		873601002CE3F15F0030825A /* Assets.xcassets */ = {isa = PBXFileReference; lastKnownFileType = folder.assetcatalog; path = Assets.xcassets; sourceTree = "<group>"; };
		873601032CE3F15F0030825A /* Base */ = {isa = PBXFileReference; lastKnownFileType = file.storyboard; name = Base; path = Base.lproj/LaunchScreen.storyboard; sourceTree = "<group>"; };
		873601052CE3F15F0030825A /* Info.plist */ = {isa = PBXFileReference; lastKnownFileType = text.plist.xml; path = Info.plist; sourceTree = "<group>"; };
		8744F4872CE5467300D4D172 /* MapKit.framework */ = {isa = PBXFileReference; lastKnownFileType = wrapper.framework; name = MapKit.framework; path = System/Library/Frameworks/MapKit.framework; sourceTree = SDKROOT; };
		8744F4892CE55FAE00D4D172 /* PokedexViewController.swift */ = {isa = PBXFileReference; lastKnownFileType = sourcecode.swift; path = PokedexViewController.swift; sourceTree = "<group>"; };
		8744F48B2CE5610600D4D172 /* Funciones.swift */ = {isa = PBXFileReference; lastKnownFileType = sourcecode.swift; path = Funciones.swift; sourceTree = "<group>"; };
		87D841B72CE67ACA00110F7D /* PokePin.swift */ = {isa = PBXFileReference; lastKnownFileType = sourcecode.swift; path = PokePin.swift; sourceTree = "<group>"; };
/* End PBXFileReference section */

/* Begin PBXFrameworksBuildPhase section */
		873600EE2CE3F15D0030825A /* Frameworks */ = {
			isa = PBXFrameworksBuildPhase;
			buildActionMask = 2147483647;
			files = (
				8744F4882CE5467300D4D172 /* MapKit.framework in Frameworks */,
			);
			runOnlyForDeploymentPostprocessing = 0;
		};
/* End PBXFrameworksBuildPhase section */

/* Begin PBXGroup section */
		873600E82CE3F15D0030825A = {
			isa = PBXGroup;
			children = (
				873600F32CE3F15D0030825A /* PokemonGo */,
				873600F22CE3F15D0030825A /* Products */,
				8744F4862CE5467300D4D172 /* Frameworks */,
			);
			sourceTree = "<group>";
		};
		873600F22CE3F15D0030825A /* Products */ = {
			isa = PBXGroup;
			children = (
				873600F12CE3F15D0030825A /* PokemonGo.app */,
			);
			name = Products;
			sourceTree = "<group>";
		};
		873600F32CE3F15D0030825A /* PokemonGo */ = {
			isa = PBXGroup;
			children = (
				873600F42CE3F15D0030825A /* AppDelegate.swift */,
				873600F62CE3F15D0030825A /* SceneDelegate.swift */,
				8744F4892CE55FAE00D4D172 /* PokedexViewController.swift */,
				8744F48B2CE5610600D4D172 /* Funciones.swift */,
				873600F82CE3F15D0030825A /* ViewController.swift */,
				87D841B72CE67ACA00110F7D /* PokePin.swift */,
				873600FA2CE3F15D0030825A /* Main.storyboard */,
				873601002CE3F15F0030825A /* Assets.xcassets */,
				873601022CE3F15F0030825A /* LaunchScreen.storyboard */,
				873601052CE3F15F0030825A /* Info.plist */,
				873600FD2CE3F15D0030825A /* PokemonGo.xcdatamodeld */,
			);
			path = PokemonGo;
			sourceTree = "<group>";
		};
		8744F4862CE5467300D4D172 /* Frameworks */ = {
			isa = PBXGroup;
			children = (
				8744F4872CE5467300D4D172 /* MapKit.framework */,
			);
			name = Frameworks;
			sourceTree = "<group>";
		};
/* End PBXGroup section */

/* Begin PBXNativeTarget section */
		873600F02CE3F15D0030825A /* PokemonGo */ = {
			isa = PBXNativeTarget;
			buildConfigurationList = 873601082CE3F15F0030825A /* Build configuration list for PBXNativeTarget "PokemonGo" */;
			buildPhases = (
				873600ED2CE3F15D0030825A /* Sources */,
				873600EE2CE3F15D0030825A /* Frameworks */,
				873600EF2CE3F15D0030825A /* Resources */,
			);
			buildRules = (
			);
			dependencies = (
			);
			name = PokemonGo;
			productName = PokemonGo;
			productReference = 873600F12CE3F15D0030825A /* PokemonGo.app */;
			productType = "com.apple.product-type.application";
		};
/* End PBXNativeTarget section */

/* Begin PBXProject section */
		873600E92CE3F15D0030825A /* Project object */ = {
			isa = PBXProject;
			attributes = {
				BuildIndependentTargetsInParallel = 1;
				LastSwiftUpdateCheck = 1400;
				LastUpgradeCheck = 1400;
				TargetAttributes = {
					873600F02CE3F15D0030825A = {
						CreatedOnToolsVersion = 14.0;
					};
				};
			};
			buildConfigurationList = 873600EC2CE3F15D0030825A /* Build configuration list for PBXProject "PokemonGo" */;
			compatibilityVersion = "Xcode 14.0";
			developmentRegion = en;
			hasScannedForEncodings = 0;
			knownRegions = (
				en,
				Base,
			);
			mainGroup = 873600E82CE3F15D0030825A;
			productRefGroup = 873600F22CE3F15D0030825A /* Products */;
			projectDirPath = "";
			projectRoot = "";
			targets = (
				873600F02CE3F15D0030825A /* PokemonGo */,
			);
		};
/* End PBXProject section */

/* Begin PBXResourcesBuildPhase section */
		873600EF2CE3F15D0030825A /* Resources */ = {
			isa = PBXResourcesBuildPhase;
			buildActionMask = 2147483647;
			files = (
				873601042CE3F15F0030825A /* LaunchScreen.storyboard in Resources */,
				873601012CE3F15F0030825A /* Assets.xcassets in Resources */,
				873600FC2CE3F15D0030825A /* Main.storyboard in Resources */,
			);
			runOnlyForDeploymentPostprocessing = 0;
		};
/* End PBXResourcesBuildPhase section */

/* Begin PBXSourcesBuildPhase section */
		873600ED2CE3F15D0030825A /* Sources */ = {
			isa = PBXSourcesBuildPhase;
			buildActionMask = 2147483647;
			files = (
				873600F92CE3F15D0030825A /* ViewController.swift in Sources */,
				87D841B82CE67ACA00110F7D /* PokePin.swift in Sources */,
				873600FF2CE3F15D0030825A /* PokemonGo.xcdatamodeld in Sources */,
				8744F48A2CE55FAE00D4D172 /* PokedexViewController.swift in Sources */,
				873600F52CE3F15D0030825A /* AppDelegate.swift in Sources */,
				8744F48C2CE5610600D4D172 /* Funciones.swift in Sources */,
				873600F72CE3F15D0030825A /* SceneDelegate.swift in Sources */,
			);
			runOnlyForDeploymentPostprocessing = 0;
		};
/* End PBXSourcesBuildPhase section */

/* Begin PBXVariantGroup section */
		873600FA2CE3F15D0030825A /* Main.storyboard */ = {
			isa = PBXVariantGroup;
			children = (
				873600FB2CE3F15D0030825A /* Base */,
			);
			name = Main.storyboard;
			sourceTree = "<group>";
		};
		873601022CE3F15F0030825A /* LaunchScreen.storyboard */ = {
			isa = PBXVariantGroup;
			children = (
				873601032CE3F15F0030825A /* Base */,
			);
			name = LaunchScreen.storyboard;
			sourceTree = "<group>";
		};
/* End PBXVariantGroup section */

/* Begin XCBuildConfiguration section */
		873601062CE3F15F0030825A /* Debug */ = {
			isa = XCBuildConfiguration;
			buildSettings = {
				ALWAYS_SEARCH_USER_PATHS = NO;
				CLANG_ANALYZER_NONNULL = YES;
				CLANG_ANALYZER_NUMBER_OBJECT_CONVERSION = YES_AGGRESSIVE;
				CLANG_CXX_LANGUAGE_STANDARD = "gnu++20";
				CLANG_ENABLE_MODULES = YES;
				CLANG_ENABLE_OBJC_ARC = YES;
				CLANG_ENABLE_OBJC_WEAK = YES;
				CLANG_WARN_BLOCK_CAPTURE_AUTORELEASING = YES;
				CLANG_WARN_BOOL_CONVERSION = YES;
				CLANG_WARN_COMMA = YES;
				CLANG_WARN_CONSTANT_CONVERSION = YES;
				CLANG_WARN_DEPRECATED_OBJC_IMPLEMENTATIONS = YES;
				CLANG_WARN_DIRECT_OBJC_ISA_USAGE = YES_ERROR;
				CLANG_WARN_DOCUMENTATION_COMMENTS = YES;
				CLANG_WARN_EMPTY_BODY = YES;
				CLANG_WARN_ENUM_CONVERSION = YES;
				CLANG_WARN_INFINITE_RECURSION = YES;
				CLANG_WARN_INT_CONVERSION = YES;
				CLANG_WARN_NON_LITERAL_NULL_CONVERSION = YES;
				CLANG_WARN_OBJC_IMPLICIT_RETAIN_SELF = YES;
				CLANG_WARN_OBJC_LITERAL_CONVERSION = YES;
				CLANG_WARN_OBJC_ROOT_CLASS = YES_ERROR;
				CLANG_WARN_QUOTED_INCLUDE_IN_FRAMEWORK_HEADER = YES;
				CLANG_WARN_RANGE_LOOP_ANALYSIS = YES;
				CLANG_WARN_STRICT_PROTOTYPES = YES;
				CLANG_WARN_SUSPICIOUS_MOVE = YES;
				CLANG_WARN_UNGUARDED_AVAILABILITY = YES_AGGRESSIVE;
				CLANG_WARN_UNREACHABLE_CODE = YES;
				CLANG_WARN__DUPLICATE_METHOD_MATCH = YES;
				COPY_PHASE_STRIP = NO;
				DEBUG_INFORMATION_FORMAT = dwarf;
				ENABLE_STRICT_OBJC_MSGSEND = YES;
				ENABLE_TESTABILITY = YES;
				GCC_C_LANGUAGE_STANDARD = gnu11;
				GCC_DYNAMIC_NO_PIC = NO;
				GCC_NO_COMMON_BLOCKS = YES;
				GCC_OPTIMIZATION_LEVEL = 0;
				GCC_PREPROCESSOR_DEFINITIONS = (
					"DEBUG=1",
					"$(inherited)",
				);
				GCC_WARN_64_TO_32_BIT_CONVERSION = YES;
				GCC_WARN_ABOUT_RETURN_TYPE = YES_ERROR;
				GCC_WARN_UNDECLARED_SELECTOR = YES;
				GCC_WARN_UNINITIALIZED_AUTOS = YES_AGGRESSIVE;
				GCC_WARN_UNUSED_FUNCTION = YES;
				GCC_WARN_UNUSED_VARIABLE = YES;
				IPHONEOS_DEPLOYMENT_TARGET = 16.0;
				MTL_ENABLE_DEBUG_INFO = INCLUDE_SOURCE;
				MTL_FAST_MATH = YES;
				ONLY_ACTIVE_ARCH = YES;
				SDKROOT = iphoneos;
				SWIFT_ACTIVE_COMPILATION_CONDITIONS = DEBUG;
				SWIFT_OPTIMIZATION_LEVEL = "-Onone";
			};
			name = Debug;
		};
		873601072CE3F15F0030825A /* Release */ = {
			isa = XCBuildConfiguration;
			buildSettings = {
				ALWAYS_SEARCH_USER_PATHS = NO;
				CLANG_ANALYZER_NONNULL = YES;
				CLANG_ANALYZER_NUMBER_OBJECT_CONVERSION = YES_AGGRESSIVE;
				CLANG_CXX_LANGUAGE_STANDARD = "gnu++20";
				CLANG_ENABLE_MODULES = YES;
				CLANG_ENABLE_OBJC_ARC = YES;
				CLANG_ENABLE_OBJC_WEAK = YES;
				CLANG_WARN_BLOCK_CAPTURE_AUTORELEASING = YES;
				CLANG_WARN_BOOL_CONVERSION = YES;
				CLANG_WARN_COMMA = YES;
				CLANG_WARN_CONSTANT_CONVERSION = YES;
				CLANG_WARN_DEPRECATED_OBJC_IMPLEMENTATIONS = YES;
				CLANG_WARN_DIRECT_OBJC_ISA_USAGE = YES_ERROR;
				CLANG_WARN_DOCUMENTATION_COMMENTS = YES;
				CLANG_WARN_EMPTY_BODY = YES;
				CLANG_WARN_ENUM_CONVERSION = YES;
				CLANG_WARN_INFINITE_RECURSION = YES;
				CLANG_WARN_INT_CONVERSION = YES;
				CLANG_WARN_NON_LITERAL_NULL_CONVERSION = YES;
				CLANG_WARN_OBJC_IMPLICIT_RETAIN_SELF = YES;
				CLANG_WARN_OBJC_LITERAL_CONVERSION = YES;
				CLANG_WARN_OBJC_ROOT_CLASS = YES_ERROR;
				CLANG_WARN_QUOTED_INCLUDE_IN_FRAMEWORK_HEADER = YES;
				CLANG_WARN_RANGE_LOOP_ANALYSIS = YES;
				CLANG_WARN_STRICT_PROTOTYPES = YES;
				CLANG_WARN_SUSPICIOUS_MOVE = YES;
				CLANG_WARN_UNGUARDED_AVAILABILITY = YES_AGGRESSIVE;
				CLANG_WARN_UNREACHABLE_CODE = YES;
				CLANG_WARN__DUPLICATE_METHOD_MATCH = YES;
				COPY_PHASE_STRIP = NO;
				DEBUG_INFORMATION_FORMAT = "dwarf-with-dsym";
				ENABLE_NS_ASSERTIONS = NO;
				ENABLE_STRICT_OBJC_MSGSEND = YES;
				GCC_C_LANGUAGE_STANDARD = gnu11;
				GCC_NO_COMMON_BLOCKS = YES;
				GCC_WARN_64_TO_32_BIT_CONVERSION = YES;
				GCC_WARN_ABOUT_RETURN_TYPE = YES_ERROR;
				GCC_WARN_UNDECLARED_SELECTOR = YES;
				GCC_WARN_UNINITIALIZED_AUTOS = YES_AGGRESSIVE;
				GCC_WARN_UNUSED_FUNCTION = YES;
				GCC_WARN_UNUSED_VARIABLE = YES;
				IPHONEOS_DEPLOYMENT_TARGET = 16.0;
				MTL_ENABLE_DEBUG_INFO = NO;
				MTL_FAST_MATH = YES;
				SDKROOT = iphoneos;
				SWIFT_COMPILATION_MODE = wholemodule;
				SWIFT_OPTIMIZATION_LEVEL = "-O";
				VALIDATE_PRODUCT = YES;
			};
			name = Release;
		};
		873601092CE3F15F0030825A /* Debug */ = {
			isa = XCBuildConfiguration;
			buildSettings = {
				ASSETCATALOG_COMPILER_APPICON_NAME = AppIcon;
				ASSETCATALOG_COMPILER_GLOBAL_ACCENT_COLOR_NAME = AccentColor;
				CODE_SIGN_STYLE = Automatic;
				CURRENT_PROJECT_VERSION = 1;
				GENERATE_INFOPLIST_FILE = YES;
				INFOPLIST_FILE = PokemonGo/Info.plist;
				INFOPLIST_KEY_UIApplicationSupportsIndirectInputEvents = YES;
				INFOPLIST_KEY_UILaunchStoryboardName = LaunchScreen;
				INFOPLIST_KEY_UIMainStoryboardFile = Main;
				INFOPLIST_KEY_UISupportedInterfaceOrientations_iPad = "UIInterfaceOrientationPortrait UIInterfaceOrientationPortraitUpsideDown UIInterfaceOrientationLandscapeLeft UIInterfaceOrientationLandscapeRight";
				INFOPLIST_KEY_UISupportedInterfaceOrientations_iPhone = "UIInterfaceOrientationPortrait UIInterfaceOrientationLandscapeLeft UIInterfaceOrientationLandscapeRight";
				LD_RUNPATH_SEARCH_PATHS = (
					"$(inherited)",
					"@executable_path/Frameworks",
				);
				MARKETING_VERSION = 1.0;
				PRODUCT_BUNDLE_IDENTIFIER = com.empresa.PokemonGo;
				PRODUCT_NAME = "$(TARGET_NAME)";
				SWIFT_EMIT_LOC_STRINGS = YES;
				SWIFT_VERSION = 5.0;
				TARGETED_DEVICE_FAMILY = "1,2";
			};
			name = Debug;
		};
		8736010A2CE3F15F0030825A /* Release */ = {
			isa = XCBuildConfiguration;
			buildSettings = {
				ASSETCATALOG_COMPILER_APPICON_NAME = AppIcon;
				ASSETCATALOG_COMPILER_GLOBAL_ACCENT_COLOR_NAME = AccentColor;
				CODE_SIGN_STYLE = Automatic;
				CURRENT_PROJECT_VERSION = 1;
				GENERATE_INFOPLIST_FILE = YES;
				INFOPLIST_FILE = PokemonGo/Info.plist;
				INFOPLIST_KEY_UIApplicationSupportsIndirectInputEvents = YES;
				INFOPLIST_KEY_UILaunchStoryboardName = LaunchScreen;
				INFOPLIST_KEY_UIMainStoryboardFile = Main;
				INFOPLIST_KEY_UISupportedInterfaceOrientations_iPad = "UIInterfaceOrientationPortrait UIInterfaceOrientationPortraitUpsideDown UIInterfaceOrientationLandscapeLeft UIInterfaceOrientationLandscapeRight";
				INFOPLIST_KEY_UISupportedInterfaceOrientations_iPhone = "UIInterfaceOrientationPortrait UIInterfaceOrientationLandscapeLeft UIInterfaceOrientationLandscapeRight";
				LD_RUNPATH_SEARCH_PATHS = (
					"$(inherited)",
					"@executable_path/Frameworks",
				);
				MARKETING_VERSION = 1.0;
				PRODUCT_BUNDLE_IDENTIFIER = com.empresa.PokemonGo;
				PRODUCT_NAME = "$(TARGET_NAME)";
				SWIFT_EMIT_LOC_STRINGS = YES;
				SWIFT_VERSION = 5.0;
				TARGETED_DEVICE_FAMILY = "1,2";
			};
			name = Release;
		};
/* End XCBuildConfiguration section */

/* Begin XCConfigurationList section */
		873600EC2CE3F15D0030825A /* Build configuration list for PBXProject "PokemonGo" */ = {
			isa = XCConfigurationList;
			buildConfigurations = (
				873601062CE3F15F0030825A /* Debug */,
				873601072CE3F15F0030825A /* Release */,
			);
			defaultConfigurationIsVisible = 0;
			defaultConfigurationName = Release;
		};
		873601082CE3F15F0030825A /* Build configuration list for PBXNativeTarget "PokemonGo" */ = {
			isa = XCConfigurationList;
			buildConfigurations = (
				873601092CE3F15F0030825A /* Debug */,
				8736010A2CE3F15F0030825A /* Release */,
			);
			defaultConfigurationIsVisible = 0;
			defaultConfigurationName = Release;
		};
/* End XCConfigurationList section */

/* Begin XCVersionGroup section */
		873600FD2CE3F15D0030825A /* PokemonGo.xcdatamodeld */ = {
			isa = XCVersionGroup;
			children = (
				873600FE2CE3F15D0030825A /* PokemonGo.xcdatamodel */,
			);
			currentVersion = 873600FE2CE3F15D0030825A /* PokemonGo.xcdatamodel */;
			path = PokemonGo.xcdatamodeld;
			sourceTree = "<group>";
			versionGroupType = wrapper.xcdatamodel;
		};
/* End XCVersionGroup section */
	};
	rootObject = 873600E92CE3F15D0030825A /* Project object */;
}
